
Microsoft Visual Studio Solution File, Format Version 12.00
# Visual Studio Version 16
VisualStudioVersion = 16.0.28922.388
MinimumVisualStudioVersion = 10.0.40219.1
Project("{FAE04EC0-301F-11D3-BF4B-00C04F79EFBC}") = "SingleScaleRetinex", "SingleScaleRetinex\SingleScaleRetinex.csproj", "{72672832-0660-47B6-98BB-C20D6E51A7B6}"
EndProject
Project("{FAE04EC0-301F-11D3-BF4B-00C04F79EFBC}") = "Bsuir.SSR.Tests", "Bsuir.SSR.Tests\Bsuir.SSR.Tests.csproj", "{9EA5605C-D312-4728-897D-133003D2AF3D}"
EndProject
Project("{FAE04EC0-301F-11D3-BF4B-00C04F79EFBC}") = "Bsuir.Retinex.Web", "Bsuir.Retinex.Web\Bsuir.Retinex.Web.csproj", "{C5B7A7A2-8ACD-4D13-AC4E-1E36A3815FD4}"
EndProject
Global
	GlobalSection(SolutionConfigurationPlatforms) = preSolution
		Debug|Any CPU = Debug|Any CPU
		Release|Any CPU = Release|Any CPU
	EndGlobalSection
	GlobalSection(ProjectConfigurationPlatforms) = postSolution
		{72672832-0660-47B6-98BB-C20D6E51A7B6}.Debug|Any CPU.ActiveCfg = Debug|Any CPU
		{72672832-0660-47B6-98BB-C20D6E51A7B6}.Debug|Any CPU.Build.0 = Debug|Any CPU
		{72672832-0660-47B6-98BB-C20D6E51A7B6}.Release|Any CPU.ActiveCfg = Release|Any CPU
		{72672832-0660-47B6-98BB-C20D6E51A7B6}.Release|Any CPU.Build.0 = Release|Any CPU
		{9EA5605C-D312-4728-897D-133003D2AF3D}.Debug|Any CPU.ActiveCfg = Debug|Any CPU
		{9EA5605C-D312-4728-897D-133003D2AF3D}.Debug|Any CPU.Build.0 = Debug|Any CPU
		{9EA5605C-D312-4728-897D-133003D2AF3D}.Release|Any CPU.ActiveCfg = Release|Any CPU
		{9EA5605C-D312-4728-897D-133003D2AF3D}.Release|Any CPU.Build.0 = Release|Any CPU
		{C5B7A7A2-8ACD-4D13-AC4E-1E36A3815FD4}.Debug|Any CPU.ActiveCfg = Debug|Any CPU
		{C5B7A7A2-8ACD-4D13-AC4E-1E36A3815FD4}.Debug|Any CPU.Build.0 = Debug|Any CPU
		{C5B7A7A2-8ACD-4D13-AC4E-1E36A3815FD4}.Release|Any CPU.ActiveCfg = Release|Any CPU
		{C5B7A7A2-8ACD-4D13-AC4E-1E36A3815FD4}.Release|Any CPU.Build.0 = Release|Any CPU
	EndGlobalSection
	GlobalSection(SolutionProperties) = preSolution
		HideSolutionNode = FALSE
	EndGlobalSection
	GlobalSection(ExtensibilityGlobals) = postSolution
		SolutionGuid = {19BD7BF0-7961-4E68-9061-E655633236A0}
	EndGlobalSection
EndGlobal
